// !$*UTF8*$!
{
	archiveVersion = 1;
	classes = {
	};
	objectVersion = 46;
	objects = {

/* Begin PBXBuildFile section */
		181DF9ED1C806C61003BDFCF /* main.cpp in Sources */ = {isa = PBXBuildFile; fileRef = 181DF9EC1C806C61003BDFCF /* main.cpp */; };
		181DF9F41C806C77003BDFCF /* Solution.cpp in Sources */ = {isa = PBXBuildFile; fileRef = 181DF9F31C806C77003BDFCF /* Solution.cpp */; };
		181DF9F61C807915003BDFCF /* Solution2.cpp in Sources */ = {isa = PBXBuildFile; fileRef = 181DF9F51C807915003BDFCF /* Solution2.cpp */; };
/* End PBXBuildFile section */

/* Begin PBXCopyFilesBuildPhase section */
		181DF9E71C806C61003BDFCF /* CopyFiles */ = {
			isa = PBXCopyFilesBuildPhase;
			buildActionMask = 2147483647;
			dstPath = /usr/share/man/man1/;
			dstSubfolderSpec = 0;
			files = (
			);
			runOnlyForDeploymentPostprocessing = 1;
		};
/* End PBXCopyFilesBuildPhase section */

/* Begin PBXFileReference section */
		181DF9E91C806C61003BDFCF /* maxProfit */ = {isa = PBXFileReference; explicitFileType = "compiled.mach-o.executable"; includeInIndex = 0; path = maxProfit; sourceTree = BUILT_PRODUCTS_DIR; };
		181DF9EC1C806C61003BDFCF /* main.cpp */ = {isa = PBXFileReference; lastKnownFileType = sourcecode.cpp.cpp; path = main.cpp; sourceTree = "<group>"; };
		181DF9F31C806C77003BDFCF /* Solution.cpp */ = {isa = PBXFileReference; fileEncoding = 4; lastKnownFileType = sourcecode.cpp.cpp; path = Solution.cpp; sourceTree = "<group>"; };
		181DF9F51C807915003BDFCF /* Solution2.cpp */ = {isa = PBXFileReference; fileEncoding = 4; lastKnownFileType = sourcecode.cpp.cpp; path = Solution2.cpp; sourceTree = "<group>"; };
/* End PBXFileReference section */

/* Begin PBXFrameworksBuildPhase section */
		181DF9E61C806C61003BDFCF /* Frameworks */ = {
			isa = PBXFrameworksBuildPhase;
			buildActionMask = 2147483647;
			files = (
			);
			runOnlyForDeploymentPostprocessing = 0;
		};
/* End PBXFrameworksBuildPhase section */

/* Begin PBXGroup section */
		181DF9E01C806C61003BDFCF = {
			isa = PBXGroup;
			children = (
				181DF9EB1C806C61003BDFCF /* maxProfit */,
				181DF9EA1C806C61003BDFCF /* Products */,
			);
			sourceTree = "<group>";
		};
		181DF9EA1C806C61003BDFCF /* Products */ = {
			isa = PBXGroup;
			children = (
				181DF9E91C806C61003BDFCF /* maxProfit */,
			);
			name = Products;
			sourceTree = "<group>";
		};
		181DF9EB1C806C61003BDFCF /* maxProfit */ = {
			isa = PBXGroup;
			children = (
				181DF9F51C807915003BDFCF /* Solution2.cpp */,
				181DF9F31C806C77003BDFCF /* Solution.cpp */,
				181DF9EC1C806C61003BDFCF /* main.cpp */,
			);
			path = maxProfit;
			sourceTree = "<group>";
		};
/* End PBXGroup section */

/* Begin PBXNativeTarget section */
		181DF9E81C806C61003BDFCF /* maxProfit */ = {
			isa = PBXNativeTarget;
			buildConfigurationList = 181DF9F01C806C61003BDFCF /* Build configuration list for PBXNativeTarget "maxProfit" */;
			buildPhases = (
				181DF9E51C806C61003BDFCF /* Sources */,
				181DF9E61C806C61003BDFCF /* Frameworks */,
				181DF9E71C806C61003BDFCF /* CopyFiles */,
			);
			buildRules = (
			);
			dependencies = (
			);
			name = maxProfit;
			productName = maxProfit;
			productReference = 181DF9E91C806C61003BDFCF /* maxProfit */;
			productType = "com.apple.product-type.tool";
		};
/* End PBXNativeTarget section */

/* Begin PBXProject section */
		181DF9E11C806C61003BDFCF /* Project object */ = {
			isa = PBXProject;
			attributes = {
				LastUpgradeCheck = 0640;
				ORGANIZATIONNAME = "信仰圣光吧";
				TargetAttributes = {
					181DF9E81C806C61003BDFCF = {
						CreatedOnToolsVersion = 6.4;
					};
				};
			};
			buildConfigurationList = 181DF9E41C806C61003BDFCF /* Build configuration list for PBXProject "maxProfit" */;
			compatibilityVersion = "Xcode 3.2";
			developmentRegion = English;
			hasScannedForEncodings = 0;
			knownRegions = (
				en,
			);
			mainGroup = 181DF9E01C806C61003BDFCF;
			productRefGroup = 181DF9EA1C806C61003BDFCF /* Products */;
			projectDirPath = "";
			projectRoot = "";
			targets = (
				181DF9E81C806C61003BDFCF /* maxProfit */,
			);
		};
/* End PBXProject section */

/* Begin PBXSourcesBuildPhase section */
		181DF9E51C806C61003BDFCF /* Sources */ = {
			isa = PBXSourcesBuildPhase;
			buildActionMask = 2147483647;
			files = (
				181DF9F61C807915003BDFCF /* Solution2.cpp in Sources */,
				181DF9F41C806C77003BDFCF /* Solution.cpp in Sources */,
				181DF9ED1C806C61003BDFCF /* main.cpp in Sources */,
			);
			runOnlyForDeploymentPostprocessing = 0;
		};
/* End PBXSourcesBuildPhase section */

/* Begin XCBuildConfiguration section */
		181DF9EE1C806C61003BDFCF /* Debug */ = {
			isa = XCBuildConfiguration;
			buildSettings = {
				ALWAYS_SEARCH_USER_PATHS = NO;
				CLANG_CXX_LANGUAGE_STANDARD = "gnu++0x";
				CLANG_CXX_LIBRARY = "libc++";
				CLANG_ENABLE_MODULES = YES;
				CLANG_ENABLE_OBJC_ARC = YES;
				CLANG_WARN_BOOL_CONVERSION = YES;
				CLANG_WARN_CONSTANT_CONVERSION = YES;
				CLANG_WARN_DIRECT_OBJC_ISA_USAGE = YES_ERROR;
				CLANG_WARN_EMPTY_BODY = YES;
				CLANG_WARN_ENUM_CONVERSION = YES;
				CLANG_WARN_INT_CONVERSION = YES;
				CLANG_WARN_OBJC_ROOT_CLASS = YES_ERROR;
				CLANG_WARN_UNREACHABLE_CODE = YES;
				CLANG_WARN__DUPLICATE_METHOD_MATCH = YES;
				COPY_PHASE_STRIP = NO;
				DEBUG_INFORMATION_FORMAT = dwarf;
				ENABLE_STRICT_OBJC_MSGSEND = YES;
				GCC_C_LANGUAGE_STANDARD = gnu99;
				GCC_DYNAMIC_NO_PIC = NO;
				GCC_NO_COMMON_BLOCKS = YES;
				GCC_OPTIMIZATION_LEVEL = 0;
				GCC_PREPROCESSOR_DEFINITIONS = (
					"DEBUG=1",
					"$(inherited)",
				);
				GCC_SYMBOLS_PRIVATE_EXTERN = NO;
				GCC_WARN_64_TO_32_BIT_CONVERSION = YES;
				GCC_WARN_ABOUT_RETURN_TYPE = YES_ERROR;
				GCC_WARN_UNDECLARED_SELECTOR = YES;
				GCC_WARN_UNINITIALIZED_AUTOS = YES_AGGRESSIVE;
				GCC_WARN_UNUSED_FUNCTION = YES;
				GCC_WARN_UNUSED_VARIABLE = YES;
				MACOSX_DEPLOYMENT_TARGET = 10.11;
				MTL_ENABLE_DEBUG_INFO = YES;
				ONLY_ACTIVE_ARCH = YES;
				SDKROOT = macosx;
			};
			name = Debug;
		};
		181DF9EF1C806C61003BDFCF /* Release */ = {
			isa = XCBuildConfiguration;
			buildSettings = {
				ALWAYS_SEARCH_USER_PATHS = NO;
				CLANG_CXX_LANGUAGE_STANDARD = "gnu++0x";
				CLANG_CXX_LIBRARY = "libc++";
				CLANG_ENABLE_MODULES = YES;
				CLANG_ENABLE_OBJC_ARC = YES;
				CLANG_WARN_BOOL_CONVERSION = YES;
				CLANG_WARN_CONSTANT_CONVERSION = YES;
				CLANG_WARN_DIRECT_OBJC_ISA_USAGE = YES_ERROR;
				CLANG_WARN_EMPTY_BODY = YES;
				CLANG_WARN_ENUM_CONVERSION = YES;
				CLANG_WARN_INT_CONVERSION = YES;
				CLANG_WARN_OBJC_ROOT_CLASS = YES_ERROR;
				CLANG_WARN_UNREACHABLE_CODE = YES;
				CLANG_WARN__DUPLICATE_METHOD_MATCH = YES;
				COPY_PHASE_STRIP = NO;
				DEBUG_INFORMATION_FORMAT = "dwarf-with-dsym";
				ENABLE_NS_ASSERTIONS = NO;
				ENABLE_STRICT_OBJC_MSGSEND = YES;
				GCC_C_LANGUAGE_STANDARD = gnu99;
				GCC_NO_COMMON_BLOCKS = YES;
				GCC_WARN_64_TO_32_BIT_CONVERSION = YES;
				GCC_WARN_ABOUT_RETURN_TYPE = YES_ERROR;
				GCC_WARN_UNDECLARED_SELECTOR = YES;
				GCC_WARN_UNINITIALIZED_AUTOS = YES_AGGRESSIVE;
				GCC_WARN_UNUSED_FUNCTION = YES;
				GCC_WARN_UNUSED_VARIABLE = YES;
				MACOSX_DEPLOYMENT_TARGET = 10.11;
				MTL_ENABLE_DEBUG_INFO = NO;
				SDKROOT = macosx;
			};
			name = Release;
		};
		181DF9F11C806C61003BDFCF /* Debug */ = {
			isa = XCBuildConfiguration;
			buildSettings = {
				PRODUCT_NAME = "$(TARGET_NAME)";
			};
			name = Debug;
		};
		181DF9F21C806C61003BDFCF /* Release */ = {
			isa = XCBuildConfiguration;
			buildSettings = {
				PRODUCT_NAME = "$(TARGET_NAME)";
			};
			name = Release;
		};
/* End XCBuildConfiguration section */

/* Begin XCConfigurationList section */
		181DF9E41C806C61003BDFCF /* Build configuration list for PBXProject "maxProfit" */ = {
			isa = XCConfigurationList;
			buildConfigurations = (
				181DF9EE1C806C61003BDFCF /* Debug */,
				181DF9EF1C806C61003BDFCF /* Release */,
			);
			defaultConfigurationIsVisible = 0;
			defaultConfigurationName = Release;
		};
		181DF9F01C806C61003BDFCF /* Build configuration list for PBXNativeTarget "maxProfit" */ = {
			isa = XCConfigurationList;
			buildConfigurations = (
				181DF9F11C806C61003BDFCF /* Debug */,
				181DF9F21C806C61003BDFCF /* Release */,
			);
			defaultConfigurationIsVisible = 0;
		};
/* End XCConfigurationList section */
	};
	rootObject = 181DF9E11C806C61003BDFCF /* Project object */;
}
